{
  "nodes": {
    "flake-utils": {
      "locked": {
        "lastModified": 1634851050,
        "narHash": "sha256-N83GlSGPJJdcqhUxSCS/WwW5pksYf3VP1M13cDRTSVA=",
        "owner": "numtide",
        "repo": "flake-utils",
        "rev": "c91f3de5adaf1de973b797ef7485e441a65b8935",
        "type": "github"
      },
      "original": {
        "owner": "numtide",
        "repo": "flake-utils",
        "type": "github"
      }
    },
    "nixpkgs": {
      "locked": {
        "lastModified": 1636804079,
        "narHash": "sha256-qQ2S67vqEcPJf95CEPEBu9km8khODSRw5rQlvHUAEXQ=",
        "owner": "NixOS",
        "repo": "nixpkgs",
        "rev": "8f900c0534e1f843470a2c11627f11e58aa3db68",
        "type": "github"
      },
      "original": {
        "id": "nixpkgs",
        "type": "indirect"
      }
    },
    "opal": {
      "flake": false,
      "locked": {
        "lastModified": 1466628011,
        "narHash": "sha256-6yivFpbh0/86gzAfk6pOL9CAnw94sJqyMVOy9aRW+mM=",
        "owner": "pyrocat101",
        "repo": "opal",
        "rev": "33f4f507d9bb2d2a5502bf8ae8a4c67c9b587b25",
        "type": "github"
      },
      "original": {
        "owner": "pyrocat101",
        "ref": "v0.1.1",
        "repo": "opal",
        "type": "github"
      }
    },
    "root": {
      "inputs": {
        "flake-utils": "flake-utils",
        "nixpkgs": "nixpkgs",
        "opal": "opal"
      }
    }
  },
  "root": "root",
  "version": 7
}
